
Microsoft Visual Studio Solution File, Format Version 12.00
# Visual Studio 14
VisualStudioVersion = 14.0.23107.0
MinimumVisualStudioVersion = 10.0.40219.1
Project("{FAE04EC0-301F-11D3-BF4B-00C04F79EFBC}") = "Server", "Socket\Server.csproj", "{793561FF-E0F7-4407-B5AA-2A931BE23E4D}"
EndProject
Project("{FAE04EC0-301F-11D3-BF4B-00C04F79EFBC}") = "Client", "Client\Client.csproj", "{A71D0E90-0C51-4658-9756-4F45D41DB5CF}"
EndProject
Project("{2150E333-8FDC-42A3-9474-1A3956D46DE8}") = "Networking", "Networking", "{881799D2-AEEF-4684-A88F-EE12C03BD73F}"
EndProject
Global
	GlobalSection(SolutionConfigurationPlatforms) = preSolution
		Debug|Any CPU = Debug|Any CPU
		Release|Any CPU = Release|Any CPU
	EndGlobalSection
	GlobalSection(ProjectConfigurationPlatforms) = postSolution
		{793561FF-E0F7-4407-B5AA-2A931BE23E4D}.Debug|Any CPU.ActiveCfg = Debug|Any CPU
		{793561FF-E0F7-4407-B5AA-2A931BE23E4D}.Debug|Any CPU.Build.0 = Debug|Any CPU
		{793561FF-E0F7-4407-B5AA-2A931BE23E4D}.Release|Any CPU.ActiveCfg = Release|Any CPU
		{793561FF-E0F7-4407-B5AA-2A931BE23E4D}.Release|Any CPU.Build.0 = Release|Any CPU
		{A71D0E90-0C51-4658-9756-4F45D41DB5CF}.Debug|Any CPU.ActiveCfg = Debug|Any CPU
		{A71D0E90-0C51-4658-9756-4F45D41DB5CF}.Debug|Any CPU.Build.0 = Debug|Any CPU
		{A71D0E90-0C51-4658-9756-4F45D41DB5CF}.Release|Any CPU.ActiveCfg = Release|Any CPU
		{A71D0E90-0C51-4658-9756-4F45D41DB5CF}.Release|Any CPU.Build.0 = Release|Any CPU
	EndGlobalSection
	GlobalSection(SolutionProperties) = preSolution
		HideSolutionNode = FALSE
	EndGlobalSection
EndGlobal
